
Microsoft Visual Studio Solution File, Format Version 12.00
# Visual Studio Version 17
VisualStudioVersion = 17.1.32414.318
MinimumVisualStudioVersion = 10.0.40219.1
Project("{9A19103F-16F7-4668-BE54-9A1E7A4F7556}") = "veritabaniCRUD", "veritabaniCRUD\veritabaniCRUD.csproj", "{2C7D393D-55F2-4A36-BD33-D07649807BD2}"
EndProject
Global
	GlobalSection(SolutionConfigurationPlatforms) = preSolution
		Debug|Any CPU = Debug|Any CPU
		Release|Any CPU = Release|Any CPU
	EndGlobalSection
	GlobalSection(ProjectConfigurationPlatforms) = postSolution
		{2C7D393D-55F2-4A36-BD33-D07649807BD2}.Debug|Any CPU.ActiveCfg = Debug|Any CPU
		{2C7D393D-55F2-4A36-BD33-D07649807BD2}.Debug|Any CPU.Build.0 = Debug|Any CPU
		{2C7D393D-55F2-4A36-BD33-D07649807BD2}.Release|Any CPU.ActiveCfg = Release|Any CPU
		{2C7D393D-55F2-4A36-BD33-D07649807BD2}.Release|Any CPU.Build.0 = Release|Any CPU
	EndGlobalSection
	GlobalSection(SolutionProperties) = preSolution
		HideSolutionNode = FALSE
	EndGlobalSection
	GlobalSection(ExtensibilityGlobals) = postSolution
		SolutionGuid = {D5F7F61C-72D7-4C93-A921-BD20099FA347}
	EndGlobalSection
EndGlobal
